<?xml version="1.0" encoding="utf-8"?>
<Project ToolsVersion="4.0" xmlns="http://schemas.microsoft.com/developer/msbuild/2003">
  <ItemGroup>
    <Filter Include="Source Files">
      <UniqueIdentifier>{4FC737F1-C7A5-4376-A066-2A32D752A2FF}</UniqueIdentifier>
      <Extensions>cpp;c;cc;cxx;def;odl;idl;hpj;bat;asm;asmx</Extensions>
    </Filter>
    <Filter Include="Header Files">
      <UniqueIdentifier>{93995380-89BD-4b04-88EB-625FBE52EBFB}</UniqueIdentifier>
      <Extensions>h;hpp;hxx;hm;inl;inc;xsd</Extensions>
    </Filter>
    <Filter Include="Resource Files">
      <UniqueIdentifier>{67DA6AB6-F800-4c08-8B7A-83BB121AAD01}</UniqueIdentifier>
      <Extensions>rc;ico;cur;bmp;dlg;rc2;rct;bin;rgs;gif;jpg;jpeg;jpe;resx;tiff;tif;png;wav</Extensions>
    </Filter>
  </ItemGroup>
  <ItemGroup>
    <ClCompile Include="bodyVisualizer.cpp">
      <Filter>Source Files</Filter>
    </ClCompile>
    <ClCompile Include="common.cpp">
      <Filter>Source Files</Filter>
    </ClCompile>
    <ClCompile Include="commonBM.cpp">
      <Filter>Source Files</Filter>
    </ClCompile>
    <ClCompile Include="conditionalmultivariategaussian.cpp">
      <Filter>Source Files</Filter>
    </ClCompile>
    <ClCompile Include="glviewer.cpp">
      <Filter>Source Files</Filter>
    </ClCompile>
    <ClCompile Include="Mesh.cpp">
      <Filter>Source Files</Filter>
    </ClCompile>
    <ClCompile Include="meshio.cpp">
      <Filter>Source Files</Filter>
    </ClCompile>
    <ClCompile Include="Model.cpp">
      <Filter>Source Files</Filter>
    </ClCompile>
    <ClCompile Include="model_viewer.cpp">
      <Filter>Source Files</Filter>
    </ClCompile>
    <ClCompile Include="ModelLoader.cpp">
      <Filter>Source Files</Filter>
    </ClCompile>
    <ClCompile Include="sysdialog_win.cpp">
      <Filter>Source Files</Filter>
    </ClCompile>
    <ClCompile Include="systimer.cpp">
      <Filter>Source Files</Filter>
    </ClCompile>
    <ClCompile Include="vertexShader.cpp">
      <Filter>Source Files</Filter>
    </ClCompile>
    <ClCompile Include="waist_circum_mail.cpp">
      <Filter>Source Files</Filter>
    </ClCompile>
  </ItemGroup>
  <ItemGroup>
    <ClInclude Include="chest_circum_male.h">
      <Filter>Header Files</Filter>
    </ClInclude>
    <ClInclude Include="common.h">
      <Filter>Header Files</Filter>
    </ClInclude>
    <ClInclude Include="commonBM.h">
      <Filter>Header Files</Filter>
    </ClInclude>
    <ClInclude Include="conditionalmultivariategaussian.h">
      <Filter>Header Files</Filter>
    </ClInclude>
    <ClInclude Include="fitness_male.h">
      <Filter>Header Files</Filter>
    </ClInclude>
    <ClInclude Include="glviewer.h">
      <Filter>Header Files</Filter>
    </ClInclude>
    <ClInclude Include="hip_cirum_male.h">
      <Filter>Header Files</Filter>
    </ClInclude>
    <ClInclude Include="inseam_male.h">
      <Filter>Header Files</Filter>
    </ClInclude>
    <ClInclude Include="mean_female.h">
      <Filter>Header Files</Filter>
    </ClInclude>
    <ClInclude Include="mean_male.h">
      <Filter>Header Files</Filter>
    </ClInclude>
    <ClInclude Include="mesh.h">
      <Filter>Header Files</Filter>
    </ClInclude>
    <ClInclude Include="meshio.h">
      <Filter>Header Files</Filter>
    </ClInclude>
    <ClInclude Include="model.h">
      <Filter>Header Files</Filter>
    </ClInclude>
    <ClInclude Include="model_viewer.h">
      <Filter>Header Files</Filter>
    </ClInclude>
    <ClInclude Include="modelloader.h">
      <Filter>Header Files</Filter>
    </ClInclude>
    <ClInclude Include="phong_frag.h">
      <Filter>Header Files</Filter>
    </ClInclude>
    <ClInclude Include="phong_vert.h">
      <Filter>Header Files</Filter>
    </ClInclude>
    <ClInclude Include="stature_male.h">
      <Filter>Header Files</Filter>
    </ClInclude>
    <ClInclude Include="sysdialog.h">
      <Filter>Header Files</Filter>
    </ClInclude>
    <ClInclude Include="systimer.h">
      <Filter>Header Files</Filter>
    </ClInclude>
    <ClInclude Include="vertexShader.h">
      <Filter>Header Files</Filter>
    </ClInclude>
    <ClInclude Include="waist_cirum_male.h">
      <Filter>Header Files</Filter>
    </ClInclude>
    <ClInclude Include="weight_male.h">
      <Filter>Header Files</Filter>
    </ClInclude>
  </ItemGroup>
  <ItemGroup>
    <None Include="phong.frag" />
    <None Include="phong.vert" />
  </ItemGroup>
</Project>